
Microsoft Visual Studio Solution File, Format Version 12.00
# Visual Studio 14
VisualStudioVersion = 14.0.24720.0
MinimumVisualStudioVersion = 10.0.40219.1
Project("{FAE04EC0-301F-11D3-BF4B-00C04F79EFBC}") = "PublishMan.UI", "PublishMan.UI\PublishMan.UI.csproj", "{2C86516A-E572-4B85-8FCD-DFA89C789C4D}"
EndProject
Project("{FAE04EC0-301F-11D3-BF4B-00C04F79EFBC}") = "PublishMan.Core", "PublishMan.Core\PublishMan.Core.csproj", "{EB691827-6A8D-4870-A05B-10F2E4F0DE12}"
EndProject
Project("{FAE04EC0-301F-11D3-BF4B-00C04F79EFBC}") = "PublishMan.Core.Test", "PublishMan.Core.Test\PublishMan.Core.Test.csproj", "{9EA05425-2762-4DF0-B745-CB89884FFD52}"
EndProject
Global
	GlobalSection(SolutionConfigurationPlatforms) = preSolution
		Debug|Any CPU = Debug|Any CPU
		Release|Any CPU = Release|Any CPU
	EndGlobalSection
	GlobalSection(ProjectConfigurationPlatforms) = postSolution
		{2C86516A-E572-4B85-8FCD-DFA89C789C4D}.Debug|Any CPU.ActiveCfg = Debug|Any CPU
		{2C86516A-E572-4B85-8FCD-DFA89C789C4D}.Debug|Any CPU.Build.0 = Debug|Any CPU
		{2C86516A-E572-4B85-8FCD-DFA89C789C4D}.Release|Any CPU.ActiveCfg = Release|Any CPU
		{2C86516A-E572-4B85-8FCD-DFA89C789C4D}.Release|Any CPU.Build.0 = Release|Any CPU
		{EB691827-6A8D-4870-A05B-10F2E4F0DE12}.Debug|Any CPU.ActiveCfg = Debug|Any CPU
		{EB691827-6A8D-4870-A05B-10F2E4F0DE12}.Debug|Any CPU.Build.0 = Debug|Any CPU
		{EB691827-6A8D-4870-A05B-10F2E4F0DE12}.Release|Any CPU.ActiveCfg = Release|Any CPU
		{EB691827-6A8D-4870-A05B-10F2E4F0DE12}.Release|Any CPU.Build.0 = Release|Any CPU
		{9EA05425-2762-4DF0-B745-CB89884FFD52}.Debug|Any CPU.ActiveCfg = Debug|Any CPU
		{9EA05425-2762-4DF0-B745-CB89884FFD52}.Debug|Any CPU.Build.0 = Debug|Any CPU
		{9EA05425-2762-4DF0-B745-CB89884FFD52}.Release|Any CPU.ActiveCfg = Release|Any CPU
		{9EA05425-2762-4DF0-B745-CB89884FFD52}.Release|Any CPU.Build.0 = Release|Any CPU
	EndGlobalSection
	GlobalSection(SolutionProperties) = preSolution
		HideSolutionNode = FALSE
	EndGlobalSection
EndGlobal
